<?xml version="1.0" encoding="utf-8"?>
<Project ToolsVersion="16.0" xmlns="http://schemas.microsoft.com/developer/msbuild/2003">
  <ItemGroup>
    <CustomBuild Include="C:\Users\ivans\Desktop\Projetos\Rune-Engine\_out\config\Release\CMakeFiles\13a41477efd5798d42cc430c64b392c8\generate.stamp.rule">
      <Filter>CMake Rules</Filter>
    </CustomBuild>
  </ItemGroup>
  <ItemGroup>
    <Filter Include="CMake Rules">
      <UniqueIdentifier>{3624294D-6DBA-3BB9-B734-CC397968FEBA}</UniqueIdentifier>
    </Filter>
  </ItemGroup>
</Project>
